
Microsoft Visual Studio Solution File, Format Version 12.00
# Visual Studio 15
VisualStudioVersion = 15.0.26430.6
MinimumVisualStudioVersion = 10.0.40219.1
Project("{FAE04EC0-301F-11D3-BF4B-00C04F79EFBC}") = "01.GenericBox", "01.GenericBox\01.GenericBox.csproj", "{289F3CCB-538D-4D84-9E80-32321BEF9AF1}"
EndProject
Project("{FAE04EC0-301F-11D3-BF4B-00C04F79EFBC}") = "02.GenericBoxOfString", "02.GenericBoxOfString\02.GenericBoxOfString.csproj", "{29BDD896-FE94-4392-9538-EFD44A8575B5}"
EndProject
Project("{FAE04EC0-301F-11D3-BF4B-00C04F79EFBC}") = "03.GenericBoxOfInteger", "03.GenericBoxOfInteger\03.GenericBoxOfInteger.csproj", "{1E9195F3-90D0-42F1-B102-C53F8FD597D7}"
EndProject
Project("{FAE04EC0-301F-11D3-BF4B-00C04F79EFBC}") = "04.GenericSwapMethodStrings", "04.GenericSwapMethodStrings\04.GenericSwapMethodStrings.csproj", "{D6358CF2-0F47-48C7-BB84-792CCFA70226}"
EndProject
Project("{FAE04EC0-301F-11D3-BF4B-00C04F79EFBC}") = "05.GenericSwapMethodIntegers", "05.GenericSwapMethodIntegers\05.GenericSwapMethodIntegers.csproj", "{B46BB3A1-C21B-4FCD-9E5B-E33219503314}"
EndProject
Project("{FAE04EC0-301F-11D3-BF4B-00C04F79EFBC}") = "06.GenericCountMethod", "06.GenericCountMethod\06.GenericCountMethod.csproj", "{449C5052-2BBA-4600-8A2A-ABFDD0556081}"
EndProject
Project("{FAE04EC0-301F-11D3-BF4B-00C04F79EFBC}") = "07.GenericCountMethodV2", "07.GenericCountMethodV2\07.GenericCountMethodV2.csproj", "{18250C28-5BD6-4081-9C71-3BFD313A1EA2}"
EndProject
Project("{FAE04EC0-301F-11D3-BF4B-00C04F79EFBC}") = "08.CustomList", "08.CustomList\08.CustomList.csproj", "{7EBF24BA-C357-4125-9553-2B20C810BBF4}"
EndProject
Project("{FAE04EC0-301F-11D3-BF4B-00C04F79EFBC}") = "09.CustomListSorter", "09.CustomListSorter\09.CustomListSorter.csproj", "{C6050B6D-DDB7-430B-9FB5-F0DE3483FE7F}"
EndProject
Project("{FAE04EC0-301F-11D3-BF4B-00C04F79EFBC}") = "10.CustomListIterator", "10.CustomListIterator\10.CustomListIterator.csproj", "{D4050465-DF37-4EFB-90C0-0DB01F749D33}"
EndProject
Global
	GlobalSection(SolutionConfigurationPlatforms) = preSolution
		Debug|Any CPU = Debug|Any CPU
		Release|Any CPU = Release|Any CPU
	EndGlobalSection
	GlobalSection(ProjectConfigurationPlatforms) = postSolution
		{289F3CCB-538D-4D84-9E80-32321BEF9AF1}.Debug|Any CPU.ActiveCfg = Debug|Any CPU
		{289F3CCB-538D-4D84-9E80-32321BEF9AF1}.Debug|Any CPU.Build.0 = Debug|Any CPU
		{289F3CCB-538D-4D84-9E80-32321BEF9AF1}.Release|Any CPU.ActiveCfg = Release|Any CPU
		{289F3CCB-538D-4D84-9E80-32321BEF9AF1}.Release|Any CPU.Build.0 = Release|Any CPU
		{29BDD896-FE94-4392-9538-EFD44A8575B5}.Debug|Any CPU.ActiveCfg = Debug|Any CPU
		{29BDD896-FE94-4392-9538-EFD44A8575B5}.Debug|Any CPU.Build.0 = Debug|Any CPU
		{29BDD896-FE94-4392-9538-EFD44A8575B5}.Release|Any CPU.ActiveCfg = Release|Any CPU
		{29BDD896-FE94-4392-9538-EFD44A8575B5}.Release|Any CPU.Build.0 = Release|Any CPU
		{1E9195F3-90D0-42F1-B102-C53F8FD597D7}.Debug|Any CPU.ActiveCfg = Debug|Any CPU
		{1E9195F3-90D0-42F1-B102-C53F8FD597D7}.Debug|Any CPU.Build.0 = Debug|Any CPU
		{1E9195F3-90D0-42F1-B102-C53F8FD597D7}.Release|Any CPU.ActiveCfg = Release|Any CPU
		{1E9195F3-90D0-42F1-B102-C53F8FD597D7}.Release|Any CPU.Build.0 = Release|Any CPU
		{D6358CF2-0F47-48C7-BB84-792CCFA70226}.Debug|Any CPU.ActiveCfg = Debug|Any CPU
		{D6358CF2-0F47-48C7-BB84-792CCFA70226}.Debug|Any CPU.Build.0 = Debug|Any CPU
		{D6358CF2-0F47-48C7-BB84-792CCFA70226}.Release|Any CPU.ActiveCfg = Release|Any CPU
		{D6358CF2-0F47-48C7-BB84-792CCFA70226}.Release|Any CPU.Build.0 = Release|Any CPU
		{B46BB3A1-C21B-4FCD-9E5B-E33219503314}.Debug|Any CPU.ActiveCfg = Debug|Any CPU
		{B46BB3A1-C21B-4FCD-9E5B-E33219503314}.Debug|Any CPU.Build.0 = Debug|Any CPU
		{B46BB3A1-C21B-4FCD-9E5B-E33219503314}.Release|Any CPU.ActiveCfg = Release|Any CPU
		{B46BB3A1-C21B-4FCD-9E5B-E33219503314}.Release|Any CPU.Build.0 = Release|Any CPU
		{449C5052-2BBA-4600-8A2A-ABFDD0556081}.Debug|Any CPU.ActiveCfg = Debug|Any CPU
		{449C5052-2BBA-4600-8A2A-ABFDD0556081}.Debug|Any CPU.Build.0 = Debug|Any CPU
		{449C5052-2BBA-4600-8A2A-ABFDD0556081}.Release|Any CPU.ActiveCfg = Release|Any CPU
		{449C5052-2BBA-4600-8A2A-ABFDD0556081}.Release|Any CPU.Build.0 = Release|Any CPU
		{18250C28-5BD6-4081-9C71-3BFD313A1EA2}.Debug|Any CPU.ActiveCfg = Debug|Any CPU
		{18250C28-5BD6-4081-9C71-3BFD313A1EA2}.Debug|Any CPU.Build.0 = Debug|Any CPU
		{18250C28-5BD6-4081-9C71-3BFD313A1EA2}.Release|Any CPU.ActiveCfg = Release|Any CPU
		{18250C28-5BD6-4081-9C71-3BFD313A1EA2}.Release|Any CPU.Build.0 = Release|Any CPU
		{7EBF24BA-C357-4125-9553-2B20C810BBF4}.Debug|Any CPU.ActiveCfg = Debug|Any CPU
		{7EBF24BA-C357-4125-9553-2B20C810BBF4}.Debug|Any CPU.Build.0 = Debug|Any CPU
		{7EBF24BA-C357-4125-9553-2B20C810BBF4}.Release|Any CPU.ActiveCfg = Release|Any CPU
		{7EBF24BA-C357-4125-9553-2B20C810BBF4}.Release|Any CPU.Build.0 = Release|Any CPU
		{C6050B6D-DDB7-430B-9FB5-F0DE3483FE7F}.Debug|Any CPU.ActiveCfg = Debug|Any CPU
		{C6050B6D-DDB7-430B-9FB5-F0DE3483FE7F}.Debug|Any CPU.Build.0 = Debug|Any CPU
		{C6050B6D-DDB7-430B-9FB5-F0DE3483FE7F}.Release|Any CPU.ActiveCfg = Release|Any CPU
		{C6050B6D-DDB7-430B-9FB5-F0DE3483FE7F}.Release|Any CPU.Build.0 = Release|Any CPU
		{D4050465-DF37-4EFB-90C0-0DB01F749D33}.Debug|Any CPU.ActiveCfg = Debug|Any CPU
		{D4050465-DF37-4EFB-90C0-0DB01F749D33}.Debug|Any CPU.Build.0 = Debug|Any CPU
		{D4050465-DF37-4EFB-90C0-0DB01F749D33}.Release|Any CPU.ActiveCfg = Release|Any CPU
		{D4050465-DF37-4EFB-90C0-0DB01F749D33}.Release|Any CPU.Build.0 = Release|Any CPU
	EndGlobalSection
	GlobalSection(SolutionProperties) = preSolution
		HideSolutionNode = FALSE
	EndGlobalSection
EndGlobal
