
Microsoft Visual Studio Solution File, Format Version 12.00
# Visual Studio 15
VisualStudioVersion = 15.0.26430.6
MinimumVisualStudioVersion = 10.0.40219.1
Project("{FAE04EC0-301F-11D3-BF4B-00C04F79EFBC}") = "01.Weekdays", "01.Weekdays\01.Weekdays.csproj", "{67F60ECE-A2B8-4D27-8DE4-5FE41A26EE94}"
EndProject
Project("{FAE04EC0-301F-11D3-BF4B-00C04F79EFBC}") = "02.CoffeeMachine", "02.CoffeeMachine\02.CoffeeMachine.csproj", "{AC393600-7FD7-4FC8-92FF-BB55B80A549F}"
EndProject
Project("{FAE04EC0-301F-11D3-BF4B-00C04F79EFBC}") = "03.Attributes", "03.Attributes\03.Attributes.csproj", "{8015E0A2-E63E-4D16-8A64-A39C6435E53E}"
EndProject
Project("{FAE04EC0-301F-11D3-BF4B-00C04F79EFBC}") = "04.CodingTracker", "04.CodingTracker\04.CodingTracker.csproj", "{C0392FF5-DD2B-4D2F-9A9D-206C4E4CE2D1}"
EndProject
Global
	GlobalSection(SolutionConfigurationPlatforms) = preSolution
		Debug|Any CPU = Debug|Any CPU
		Release|Any CPU = Release|Any CPU
	EndGlobalSection
	GlobalSection(ProjectConfigurationPlatforms) = postSolution
		{67F60ECE-A2B8-4D27-8DE4-5FE41A26EE94}.Debug|Any CPU.ActiveCfg = Debug|Any CPU
		{67F60ECE-A2B8-4D27-8DE4-5FE41A26EE94}.Debug|Any CPU.Build.0 = Debug|Any CPU
		{67F60ECE-A2B8-4D27-8DE4-5FE41A26EE94}.Release|Any CPU.ActiveCfg = Release|Any CPU
		{67F60ECE-A2B8-4D27-8DE4-5FE41A26EE94}.Release|Any CPU.Build.0 = Release|Any CPU
		{AC393600-7FD7-4FC8-92FF-BB55B80A549F}.Debug|Any CPU.ActiveCfg = Debug|Any CPU
		{AC393600-7FD7-4FC8-92FF-BB55B80A549F}.Debug|Any CPU.Build.0 = Debug|Any CPU
		{AC393600-7FD7-4FC8-92FF-BB55B80A549F}.Release|Any CPU.ActiveCfg = Release|Any CPU
		{AC393600-7FD7-4FC8-92FF-BB55B80A549F}.Release|Any CPU.Build.0 = Release|Any CPU
		{8015E0A2-E63E-4D16-8A64-A39C6435E53E}.Debug|Any CPU.ActiveCfg = Debug|Any CPU
		{8015E0A2-E63E-4D16-8A64-A39C6435E53E}.Debug|Any CPU.Build.0 = Debug|Any CPU
		{8015E0A2-E63E-4D16-8A64-A39C6435E53E}.Release|Any CPU.ActiveCfg = Release|Any CPU
		{8015E0A2-E63E-4D16-8A64-A39C6435E53E}.Release|Any CPU.Build.0 = Release|Any CPU
		{C0392FF5-DD2B-4D2F-9A9D-206C4E4CE2D1}.Debug|Any CPU.ActiveCfg = Debug|Any CPU
		{C0392FF5-DD2B-4D2F-9A9D-206C4E4CE2D1}.Debug|Any CPU.Build.0 = Debug|Any CPU
		{C0392FF5-DD2B-4D2F-9A9D-206C4E4CE2D1}.Release|Any CPU.ActiveCfg = Release|Any CPU
		{C0392FF5-DD2B-4D2F-9A9D-206C4E4CE2D1}.Release|Any CPU.Build.0 = Release|Any CPU
	EndGlobalSection
	GlobalSection(SolutionProperties) = preSolution
		HideSolutionNode = FALSE
	EndGlobalSection
EndGlobal
