
Microsoft Visual Studio Solution File, Format Version 12.00
# Visual Studio 15
VisualStudioVersion = 15.0.26430.6
MinimumVisualStudioVersion = 10.0.40219.1
Project("{FAE04EC0-301F-11D3-BF4B-00C04F79EFBC}") = "01.ListyIterator", "01.ListyIterator\01.ListyIterator.csproj", "{9CAD13B0-5C56-4801-97B9-BAC833644DA4}"
EndProject
Project("{FAE04EC0-301F-11D3-BF4B-00C04F79EFBC}") = "02.Collection", "02.Collection\02.Collection.csproj", "{6CB7563E-6E33-40F4-8277-5C8D4B063F0C}"
EndProject
Project("{FAE04EC0-301F-11D3-BF4B-00C04F79EFBC}") = "03.Stack", "03.Stack\03.Stack.csproj", "{EF210CE8-9627-4E7D-A857-DFEF832E5360}"
EndProject
Project("{FAE04EC0-301F-11D3-BF4B-00C04F79EFBC}") = "04.Froggy", "04.Froggy\04.Froggy.csproj", "{412668CA-7BC2-435B-859D-03F82A7B6BE1}"
EndProject
Project("{FAE04EC0-301F-11D3-BF4B-00C04F79EFBC}") = "05.ComparingObjects", "05.ComparingObjects\05.ComparingObjects.csproj", "{624B0A3A-2E0D-4EF3-BC56-EA4065D81ED6}"
EndProject
Global
	GlobalSection(SolutionConfigurationPlatforms) = preSolution
		Debug|Any CPU = Debug|Any CPU
		Release|Any CPU = Release|Any CPU
	EndGlobalSection
	GlobalSection(ProjectConfigurationPlatforms) = postSolution
		{9CAD13B0-5C56-4801-97B9-BAC833644DA4}.Debug|Any CPU.ActiveCfg = Debug|Any CPU
		{9CAD13B0-5C56-4801-97B9-BAC833644DA4}.Debug|Any CPU.Build.0 = Debug|Any CPU
		{9CAD13B0-5C56-4801-97B9-BAC833644DA4}.Release|Any CPU.ActiveCfg = Release|Any CPU
		{9CAD13B0-5C56-4801-97B9-BAC833644DA4}.Release|Any CPU.Build.0 = Release|Any CPU
		{6CB7563E-6E33-40F4-8277-5C8D4B063F0C}.Debug|Any CPU.ActiveCfg = Debug|Any CPU
		{6CB7563E-6E33-40F4-8277-5C8D4B063F0C}.Debug|Any CPU.Build.0 = Debug|Any CPU
		{6CB7563E-6E33-40F4-8277-5C8D4B063F0C}.Release|Any CPU.ActiveCfg = Release|Any CPU
		{6CB7563E-6E33-40F4-8277-5C8D4B063F0C}.Release|Any CPU.Build.0 = Release|Any CPU
		{EF210CE8-9627-4E7D-A857-DFEF832E5360}.Debug|Any CPU.ActiveCfg = Debug|Any CPU
		{EF210CE8-9627-4E7D-A857-DFEF832E5360}.Debug|Any CPU.Build.0 = Debug|Any CPU
		{EF210CE8-9627-4E7D-A857-DFEF832E5360}.Release|Any CPU.ActiveCfg = Release|Any CPU
		{EF210CE8-9627-4E7D-A857-DFEF832E5360}.Release|Any CPU.Build.0 = Release|Any CPU
		{412668CA-7BC2-435B-859D-03F82A7B6BE1}.Debug|Any CPU.ActiveCfg = Debug|Any CPU
		{412668CA-7BC2-435B-859D-03F82A7B6BE1}.Debug|Any CPU.Build.0 = Debug|Any CPU
		{412668CA-7BC2-435B-859D-03F82A7B6BE1}.Release|Any CPU.ActiveCfg = Release|Any CPU
		{412668CA-7BC2-435B-859D-03F82A7B6BE1}.Release|Any CPU.Build.0 = Release|Any CPU
		{624B0A3A-2E0D-4EF3-BC56-EA4065D81ED6}.Debug|Any CPU.ActiveCfg = Debug|Any CPU
		{624B0A3A-2E0D-4EF3-BC56-EA4065D81ED6}.Debug|Any CPU.Build.0 = Debug|Any CPU
		{624B0A3A-2E0D-4EF3-BC56-EA4065D81ED6}.Release|Any CPU.ActiveCfg = Release|Any CPU
		{624B0A3A-2E0D-4EF3-BC56-EA4065D81ED6}.Release|Any CPU.Build.0 = Release|Any CPU
	EndGlobalSection
	GlobalSection(SolutionProperties) = preSolution
		HideSolutionNode = FALSE
	EndGlobalSection
EndGlobal
